
Microsoft Visual Studio Solution File, Format Version 12.00
# Visual Studio Version 16
VisualStudioVersion = 16.0.31702.278
MinimumVisualStudioVersion = 10.0.40219.1
Project("{9A19103F-16F7-4668-BE54-9A1E7A4F7556}") = "Infra", "Infra\Infra.csproj", "{91D2F513-EF5B-4155-B430-1088A26041B7}"
EndProject
Project("{2150E333-8FDC-42A3-9474-1A3956D46DE8}") = "5 - Infra", "5 - Infra", "{5D142A85-95C2-4B16-98E2-A9534C2E92B1}"
EndProject
Project("{2150E333-8FDC-42A3-9474-1A3956D46DE8}") = "3 - Model", "3 - Model", "{636F65EA-CEFF-4865-A57E-0C5C5A2A023E}"
EndProject
Project("{9A19103F-16F7-4668-BE54-9A1E7A4F7556}") = "Model", "Model\Model.csproj", "{8C306A34-9C5E-4BBD-BC4A-3B64ACD8F40D}"
EndProject
Project("{2150E333-8FDC-42A3-9474-1A3956D46DE8}") = "1 - View", "1 - View", "{FC218D62-0C3A-4E1C-9910-580D8FF6CCF4}"
EndProject
Project("{2150E333-8FDC-42A3-9474-1A3956D46DE8}") = "2 - Controller", "2 - Controller", "{3A2EF766-D0AE-4933-AC44-928449DAF4CF}"
EndProject
Project("{2150E333-8FDC-42A3-9474-1A3956D46DE8}") = "4 - Repository", "4 - Repository", "{653DD8A5-6257-4C07-8EB0-35BCA18E4060}"
EndProject
Project("{9A19103F-16F7-4668-BE54-9A1E7A4F7556}") = "Repository", "Repository\Repository.csproj", "{5F2E581C-F42E-4E34-961C-E70FA9675A2C}"
EndProject
Project("{FAE04EC0-301F-11D3-BF4B-00C04F79EFBC}") = "Controller", "Controller\Controller.csproj", "{ECDABB29-DD4C-4F52-8FCC-B40B00C8160E}"
EndProject
Project("{FAE04EC0-301F-11D3-BF4B-00C04F79EFBC}") = "RelacaoVendas", "RelacaoVendas\RelacaoVendas.csproj", "{73E6C7CB-FA4C-42FB-898B-5A7491190A9D}"
EndProject
Global
	GlobalSection(SolutionConfigurationPlatforms) = preSolution
		Debug|Any CPU = Debug|Any CPU
		Release|Any CPU = Release|Any CPU
	EndGlobalSection
	GlobalSection(ProjectConfigurationPlatforms) = postSolution
		{91D2F513-EF5B-4155-B430-1088A26041B7}.Debug|Any CPU.ActiveCfg = Debug|Any CPU
		{91D2F513-EF5B-4155-B430-1088A26041B7}.Debug|Any CPU.Build.0 = Debug|Any CPU
		{91D2F513-EF5B-4155-B430-1088A26041B7}.Release|Any CPU.ActiveCfg = Release|Any CPU
		{91D2F513-EF5B-4155-B430-1088A26041B7}.Release|Any CPU.Build.0 = Release|Any CPU
		{8C306A34-9C5E-4BBD-BC4A-3B64ACD8F40D}.Debug|Any CPU.ActiveCfg = Debug|Any CPU
		{8C306A34-9C5E-4BBD-BC4A-3B64ACD8F40D}.Debug|Any CPU.Build.0 = Debug|Any CPU
		{8C306A34-9C5E-4BBD-BC4A-3B64ACD8F40D}.Release|Any CPU.ActiveCfg = Release|Any CPU
		{8C306A34-9C5E-4BBD-BC4A-3B64ACD8F40D}.Release|Any CPU.Build.0 = Release|Any CPU
		{5F2E581C-F42E-4E34-961C-E70FA9675A2C}.Debug|Any CPU.ActiveCfg = Debug|Any CPU
		{5F2E581C-F42E-4E34-961C-E70FA9675A2C}.Debug|Any CPU.Build.0 = Debug|Any CPU
		{5F2E581C-F42E-4E34-961C-E70FA9675A2C}.Release|Any CPU.ActiveCfg = Release|Any CPU
		{5F2E581C-F42E-4E34-961C-E70FA9675A2C}.Release|Any CPU.Build.0 = Release|Any CPU
		{ECDABB29-DD4C-4F52-8FCC-B40B00C8160E}.Debug|Any CPU.ActiveCfg = Debug|Any CPU
		{ECDABB29-DD4C-4F52-8FCC-B40B00C8160E}.Debug|Any CPU.Build.0 = Debug|Any CPU
		{ECDABB29-DD4C-4F52-8FCC-B40B00C8160E}.Release|Any CPU.ActiveCfg = Release|Any CPU
		{ECDABB29-DD4C-4F52-8FCC-B40B00C8160E}.Release|Any CPU.Build.0 = Release|Any CPU
		{73E6C7CB-FA4C-42FB-898B-5A7491190A9D}.Debug|Any CPU.ActiveCfg = Debug|Any CPU
		{73E6C7CB-FA4C-42FB-898B-5A7491190A9D}.Debug|Any CPU.Build.0 = Debug|Any CPU
		{73E6C7CB-FA4C-42FB-898B-5A7491190A9D}.Release|Any CPU.ActiveCfg = Release|Any CPU
		{73E6C7CB-FA4C-42FB-898B-5A7491190A9D}.Release|Any CPU.Build.0 = Release|Any CPU
	EndGlobalSection
	GlobalSection(SolutionProperties) = preSolution
		HideSolutionNode = FALSE
	EndGlobalSection
	GlobalSection(NestedProjects) = preSolution
		{91D2F513-EF5B-4155-B430-1088A26041B7} = {5D142A85-95C2-4B16-98E2-A9534C2E92B1}
		{8C306A34-9C5E-4BBD-BC4A-3B64ACD8F40D} = {636F65EA-CEFF-4865-A57E-0C5C5A2A023E}
		{5F2E581C-F42E-4E34-961C-E70FA9675A2C} = {653DD8A5-6257-4C07-8EB0-35BCA18E4060}
		{ECDABB29-DD4C-4F52-8FCC-B40B00C8160E} = {3A2EF766-D0AE-4933-AC44-928449DAF4CF}
		{73E6C7CB-FA4C-42FB-898B-5A7491190A9D} = {FC218D62-0C3A-4E1C-9910-580D8FF6CCF4}
	EndGlobalSection
	GlobalSection(ExtensibilityGlobals) = postSolution
		SolutionGuid = {3BFCB8BE-E61D-4B54-A6F5-0970408A1288}
	EndGlobalSection
EndGlobal
