
Microsoft Visual Studio Solution File, Format Version 12.00
# Visual Studio Version 16
VisualStudioVersion = 16.0.31702.278
MinimumVisualStudioVersion = 10.0.40219.1
Project("{FAE04EC0-301F-11D3-BF4B-00C04F79EFBC}") = "Yore.RelacaoVendas", "Yore.RelacaoVendas\Yore.RelacaoVendas.csproj", "{A1EF9D85-B8AD-487D-B212-2F2ED5FDE658}"
EndProject
Project("{FAE04EC0-301F-11D3-BF4B-00C04F79EFBC}") = "Infra", "Infra\Infra.csproj", "{91D2F513-EF5B-4155-B430-1088A26041B7}"
EndProject
Project("{2150E333-8FDC-42A3-9474-1A3956D46DE8}") = "4 - Infra", "4 - Infra", "{5D142A85-95C2-4B16-98E2-A9534C2E92B1}"
EndProject
Project("{2150E333-8FDC-42A3-9474-1A3956D46DE8}") = "3 - Model", "3 - Model", "{636F65EA-CEFF-4865-A57E-0C5C5A2A023E}"
EndProject
Project("{FAE04EC0-301F-11D3-BF4B-00C04F79EFBC}") = "Model", "Model\Model.csproj", "{8C306A34-9C5E-4BBD-BC4A-3B64ACD8F40D}"
EndProject
Project("{2150E333-8FDC-42A3-9474-1A3956D46DE8}") = "1 - View", "1 - View", "{FC218D62-0C3A-4E1C-9910-580D8FF6CCF4}"
EndProject
Global
	GlobalSection(SolutionConfigurationPlatforms) = preSolution
		Debug|Any CPU = Debug|Any CPU
		Release|Any CPU = Release|Any CPU
	EndGlobalSection
	GlobalSection(ProjectConfigurationPlatforms) = postSolution
		{A1EF9D85-B8AD-487D-B212-2F2ED5FDE658}.Debug|Any CPU.ActiveCfg = Debug|Any CPU
		{A1EF9D85-B8AD-487D-B212-2F2ED5FDE658}.Debug|Any CPU.Build.0 = Debug|Any CPU
		{A1EF9D85-B8AD-487D-B212-2F2ED5FDE658}.Release|Any CPU.ActiveCfg = Release|Any CPU
		{A1EF9D85-B8AD-487D-B212-2F2ED5FDE658}.Release|Any CPU.Build.0 = Release|Any CPU
		{91D2F513-EF5B-4155-B430-1088A26041B7}.Debug|Any CPU.ActiveCfg = Debug|Any CPU
		{91D2F513-EF5B-4155-B430-1088A26041B7}.Debug|Any CPU.Build.0 = Debug|Any CPU
		{91D2F513-EF5B-4155-B430-1088A26041B7}.Release|Any CPU.ActiveCfg = Release|Any CPU
		{91D2F513-EF5B-4155-B430-1088A26041B7}.Release|Any CPU.Build.0 = Release|Any CPU
		{8C306A34-9C5E-4BBD-BC4A-3B64ACD8F40D}.Debug|Any CPU.ActiveCfg = Debug|Any CPU
		{8C306A34-9C5E-4BBD-BC4A-3B64ACD8F40D}.Debug|Any CPU.Build.0 = Debug|Any CPU
		{8C306A34-9C5E-4BBD-BC4A-3B64ACD8F40D}.Release|Any CPU.ActiveCfg = Release|Any CPU
		{8C306A34-9C5E-4BBD-BC4A-3B64ACD8F40D}.Release|Any CPU.Build.0 = Release|Any CPU
	EndGlobalSection
	GlobalSection(SolutionProperties) = preSolution
		HideSolutionNode = FALSE
	EndGlobalSection
	GlobalSection(NestedProjects) = preSolution
		{A1EF9D85-B8AD-487D-B212-2F2ED5FDE658} = {FC218D62-0C3A-4E1C-9910-580D8FF6CCF4}
		{91D2F513-EF5B-4155-B430-1088A26041B7} = {5D142A85-95C2-4B16-98E2-A9534C2E92B1}
		{8C306A34-9C5E-4BBD-BC4A-3B64ACD8F40D} = {636F65EA-CEFF-4865-A57E-0C5C5A2A023E}
	EndGlobalSection
	GlobalSection(ExtensibilityGlobals) = postSolution
		SolutionGuid = {3BFCB8BE-E61D-4B54-A6F5-0970408A1288}
	EndGlobalSection
EndGlobal
